// !$*UTF8*$!
{
	archiveVersion = 1;
	classes = {
	};
	objectVersion = 48;
	objects = {

/* Begin PBXBuildFile section */
		DD14F583200F1FB400B4D331 /* EventMonitor.swift in Sources */ = {isa = PBXBuildFile; fileRef = DD14F582200F1FB400B4D331 /* EventMonitor.swift */; };
		DD3C5132201404D0009548D1 /* AppDelegate.swift in Sources */ = {isa = PBXBuildFile; fileRef = DD3C5131201404D0009548D1 /* AppDelegate.swift */; };
		DD3C5136201404D0009548D1 /* Assets.xcassets in Resources */ = {isa = PBXBuildFile; fileRef = DD3C5135201404D0009548D1 /* Assets.xcassets */; };
		DD3C5139201404D0009548D1 /* Main.storyboard in Resources */ = {isa = PBXBuildFile; fileRef = DD3C5137201404D0009548D1 /* Main.storyboard */; };
		DD3C5143201405FA009548D1 /* ClimateLauncher.app in CopyFiles */ = {isa = PBXBuildFile; fileRef = DD3C512F201404D0009548D1 /* ClimateLauncher.app */; settings = {ATTRIBUTES = (RemoveHeadersOnCopy, ); }; };
		DD3C514620140631009548D1 /* ServiceManagement.framework in Frameworks */ = {isa = PBXBuildFile; fileRef = DD3C514520140631009548D1 /* ServiceManagement.framework */; };
		DD9695991FF550DB00F9AAC3 /* AppDelegate.swift in Sources */ = {isa = PBXBuildFile; fileRef = DD9695981FF550DB00F9AAC3 /* AppDelegate.swift */; };
		DD96959B1FF550DB00F9AAC3 /* ViewController.swift in Sources */ = {isa = PBXBuildFile; fileRef = DD96959A1FF550DB00F9AAC3 /* ViewController.swift */; };
		DD96959D1FF550DB00F9AAC3 /* Assets.xcassets in Resources */ = {isa = PBXBuildFile; fileRef = DD96959C1FF550DB00F9AAC3 /* Assets.xcassets */; };
		DD9695A01FF550DB00F9AAC3 /* Main.storyboard in Resources */ = {isa = PBXBuildFile; fileRef = DD96959E1FF550DB00F9AAC3 /* Main.storyboard */; };
		DD9695AC1FF550DB00F9AAC3 /* ClimateControlTests.swift in Sources */ = {isa = PBXBuildFile; fileRef = DD9695AB1FF550DB00F9AAC3 /* ClimateControlTests.swift */; };
		DD9695B71FF550DB00F9AAC3 /* ClimateControlUITests.swift in Sources */ = {isa = PBXBuildFile; fileRef = DD9695B61FF550DB00F9AAC3 /* ClimateControlUITests.swift */; };
		DD9695C51FF5706B00F9AAC3 /* ClimateViewController.swift in Sources */ = {isa = PBXBuildFile; fileRef = DD9695C41FF5706B00F9AAC3 /* ClimateViewController.swift */; };
/* End PBXBuildFile section */

/* Begin PBXContainerItemProxy section */
		DD9695A81FF550DB00F9AAC3 /* PBXContainerItemProxy */ = {
			isa = PBXContainerItemProxy;
			containerPortal = DD96958D1FF550DB00F9AAC3 /* Project object */;
			proxyType = 1;
			remoteGlobalIDString = DD9695941FF550DB00F9AAC3;
			remoteInfo = ClimateControl;
		};
		DD9695B31FF550DB00F9AAC3 /* PBXContainerItemProxy */ = {
			isa = PBXContainerItemProxy;
			containerPortal = DD96958D1FF550DB00F9AAC3 /* Project object */;
			proxyType = 1;
			remoteGlobalIDString = DD9695941FF550DB00F9AAC3;
			remoteInfo = ClimateControl;
		};
/* End PBXContainerItemProxy section */

/* Begin PBXCopyFilesBuildPhase section */
		DD3C5142201405E8009548D1 /* CopyFiles */ = {
			isa = PBXCopyFilesBuildPhase;
			buildActionMask = 2147483647;
			dstPath = Contents/Library/LoginItems;
			dstSubfolderSpec = 1;
			files = (
				DD3C5143201405FA009548D1 /* ClimateLauncher.app in CopyFiles */,
			);
			runOnlyForDeploymentPostprocessing = 0;
		};
/* End PBXCopyFilesBuildPhase section */

/* Begin PBXFileReference section */
		DD14F582200F1FB400B4D331 /* EventMonitor.swift */ = {isa = PBXFileReference; lastKnownFileType = sourcecode.swift; path = EventMonitor.swift; sourceTree = "<group>"; };
		DD3C512F201404D0009548D1 /* ClimateLauncher.app */ = {isa = PBXFileReference; explicitFileType = wrapper.application; includeInIndex = 0; path = ClimateLauncher.app; sourceTree = BUILT_PRODUCTS_DIR; };
		DD3C5131201404D0009548D1 /* AppDelegate.swift */ = {isa = PBXFileReference; lastKnownFileType = sourcecode.swift; path = AppDelegate.swift; sourceTree = "<group>"; };
		DD3C5135201404D0009548D1 /* Assets.xcassets */ = {isa = PBXFileReference; lastKnownFileType = folder.assetcatalog; path = Assets.xcassets; sourceTree = "<group>"; };
		DD3C5138201404D0009548D1 /* Base */ = {isa = PBXFileReference; lastKnownFileType = file.storyboard; name = Base; path = Base.lproj/Main.storyboard; sourceTree = "<group>"; };
		DD3C513A201404D0009548D1 /* Info.plist */ = {isa = PBXFileReference; lastKnownFileType = text.plist.xml; path = Info.plist; sourceTree = "<group>"; };
		DD3C513B201404D0009548D1 /* ClimateLauncher.entitlements */ = {isa = PBXFileReference; lastKnownFileType = text.plist.entitlements; path = ClimateLauncher.entitlements; sourceTree = "<group>"; };
		DD3C514520140631009548D1 /* ServiceManagement.framework */ = {isa = PBXFileReference; lastKnownFileType = wrapper.framework; name = ServiceManagement.framework; path = System/Library/Frameworks/ServiceManagement.framework; sourceTree = SDKROOT; };
		DD9695951FF550DB00F9AAC3 /* ClimateControl.app */ = {isa = PBXFileReference; explicitFileType = wrapper.application; includeInIndex = 0; path = ClimateControl.app; sourceTree = BUILT_PRODUCTS_DIR; };
		DD9695981FF550DB00F9AAC3 /* AppDelegate.swift */ = {isa = PBXFileReference; lastKnownFileType = sourcecode.swift; path = AppDelegate.swift; sourceTree = "<group>"; };
		DD96959A1FF550DB00F9AAC3 /* ViewController.swift */ = {isa = PBXFileReference; lastKnownFileType = sourcecode.swift; path = ViewController.swift; sourceTree = "<group>"; };
		DD96959C1FF550DB00F9AAC3 /* Assets.xcassets */ = {isa = PBXFileReference; lastKnownFileType = folder.assetcatalog; path = Assets.xcassets; sourceTree = "<group>"; };
		DD96959F1FF550DB00F9AAC3 /* Base */ = {isa = PBXFileReference; lastKnownFileType = file.storyboard; name = Base; path = Base.lproj/Main.storyboard; sourceTree = "<group>"; };
		DD9695A11FF550DB00F9AAC3 /* Info.plist */ = {isa = PBXFileReference; lastKnownFileType = text.plist.xml; path = Info.plist; sourceTree = "<group>"; };
		DD9695A21FF550DB00F9AAC3 /* ClimateControl.entitlements */ = {isa = PBXFileReference; lastKnownFileType = text.plist.entitlements; path = ClimateControl.entitlements; sourceTree = "<group>"; };
		DD9695A71FF550DB00F9AAC3 /* ClimateControlTests.xctest */ = {isa = PBXFileReference; explicitFileType = wrapper.cfbundle; includeInIndex = 0; path = ClimateControlTests.xctest; sourceTree = BUILT_PRODUCTS_DIR; };
		DD9695AB1FF550DB00F9AAC3 /* ClimateControlTests.swift */ = {isa = PBXFileReference; lastKnownFileType = sourcecode.swift; path = ClimateControlTests.swift; sourceTree = "<group>"; };
		DD9695AD1FF550DB00F9AAC3 /* Info.plist */ = {isa = PBXFileReference; lastKnownFileType = text.plist.xml; path = Info.plist; sourceTree = "<group>"; };
		DD9695B21FF550DB00F9AAC3 /* ClimateControlUITests.xctest */ = {isa = PBXFileReference; explicitFileType = wrapper.cfbundle; includeInIndex = 0; path = ClimateControlUITests.xctest; sourceTree = BUILT_PRODUCTS_DIR; };
		DD9695B61FF550DB00F9AAC3 /* ClimateControlUITests.swift */ = {isa = PBXFileReference; lastKnownFileType = sourcecode.swift; path = ClimateControlUITests.swift; sourceTree = "<group>"; };
		DD9695B81FF550DC00F9AAC3 /* Info.plist */ = {isa = PBXFileReference; lastKnownFileType = text.plist.xml; path = Info.plist; sourceTree = "<group>"; };
		DD9695C41FF5706B00F9AAC3 /* ClimateViewController.swift */ = {isa = PBXFileReference; lastKnownFileType = sourcecode.swift; path = ClimateViewController.swift; sourceTree = "<group>"; };
/* End PBXFileReference section */

/* Begin PBXFrameworksBuildPhase section */
		DD3C512C201404D0009548D1 /* Frameworks */ = {
			isa = PBXFrameworksBuildPhase;
			buildActionMask = 2147483647;
			files = (
			);
			runOnlyForDeploymentPostprocessing = 0;
		};
		DD9695921FF550DB00F9AAC3 /* Frameworks */ = {
			isa = PBXFrameworksBuildPhase;
			buildActionMask = 2147483647;
			files = (
				DD3C514620140631009548D1 /* ServiceManagement.framework in Frameworks */,
			);
			runOnlyForDeploymentPostprocessing = 0;
		};
		DD9695A41FF550DB00F9AAC3 /* Frameworks */ = {
			isa = PBXFrameworksBuildPhase;
			buildActionMask = 2147483647;
			files = (
			);
			runOnlyForDeploymentPostprocessing = 0;
		};
		DD9695AF1FF550DB00F9AAC3 /* Frameworks */ = {
			isa = PBXFrameworksBuildPhase;
			buildActionMask = 2147483647;
			files = (
			);
			runOnlyForDeploymentPostprocessing = 0;
		};
/* End PBXFrameworksBuildPhase section */

/* Begin PBXGroup section */
		DD3C5130201404D0009548D1 /* ClimateLauncher */ = {
			isa = PBXGroup;
			children = (
				DD3C5131201404D0009548D1 /* AppDelegate.swift */,
				DD3C5135201404D0009548D1 /* Assets.xcassets */,
				DD3C5137201404D0009548D1 /* Main.storyboard */,
				DD3C513A201404D0009548D1 /* Info.plist */,
				DD3C513B201404D0009548D1 /* ClimateLauncher.entitlements */,
			);
			path = ClimateLauncher;
			sourceTree = "<group>";
		};
		DD3C514420140630009548D1 /* Frameworks */ = {
			isa = PBXGroup;
			children = (
				DD3C514520140631009548D1 /* ServiceManagement.framework */,
			);
			name = Frameworks;
			sourceTree = "<group>";
		};
		DD96958C1FF550DB00F9AAC3 = {
			isa = PBXGroup;
			children = (
				DD9695971FF550DB00F9AAC3 /* ClimateControl */,
				DD9695AA1FF550DB00F9AAC3 /* ClimateControlTests */,
				DD9695B51FF550DB00F9AAC3 /* ClimateControlUITests */,
				DD3C5130201404D0009548D1 /* ClimateLauncher */,
				DD9695961FF550DB00F9AAC3 /* Products */,
				DD3C514420140630009548D1 /* Frameworks */,
			);
			sourceTree = "<group>";
		};
		DD9695961FF550DB00F9AAC3 /* Products */ = {
			isa = PBXGroup;
			children = (
				DD9695951FF550DB00F9AAC3 /* ClimateControl.app */,
				DD9695A71FF550DB00F9AAC3 /* ClimateControlTests.xctest */,
				DD9695B21FF550DB00F9AAC3 /* ClimateControlUITests.xctest */,
				DD3C512F201404D0009548D1 /* ClimateLauncher.app */,
			);
			name = Products;
			sourceTree = "<group>";
		};
		DD9695971FF550DB00F9AAC3 /* ClimateControl */ = {
			isa = PBXGroup;
			children = (
				DD14F582200F1FB400B4D331 /* EventMonitor.swift */,
				DD9695981FF550DB00F9AAC3 /* AppDelegate.swift */,
				DD96959A1FF550DB00F9AAC3 /* ViewController.swift */,
				DD96959C1FF550DB00F9AAC3 /* Assets.xcassets */,
				DD96959E1FF550DB00F9AAC3 /* Main.storyboard */,
				DD9695C41FF5706B00F9AAC3 /* ClimateViewController.swift */,
				DD9695A11FF550DB00F9AAC3 /* Info.plist */,
				DD9695A21FF550DB00F9AAC3 /* ClimateControl.entitlements */,
			);
			path = ClimateControl;
			sourceTree = "<group>";
		};
		DD9695AA1FF550DB00F9AAC3 /* ClimateControlTests */ = {
			isa = PBXGroup;
			children = (
				DD9695AB1FF550DB00F9AAC3 /* ClimateControlTests.swift */,
				DD9695AD1FF550DB00F9AAC3 /* Info.plist */,
			);
			path = ClimateControlTests;
			sourceTree = "<group>";
		};
		DD9695B51FF550DB00F9AAC3 /* ClimateControlUITests */ = {
			isa = PBXGroup;
			children = (
				DD9695B61FF550DB00F9AAC3 /* ClimateControlUITests.swift */,
				DD9695B81FF550DC00F9AAC3 /* Info.plist */,
			);
			path = ClimateControlUITests;
			sourceTree = "<group>";
		};
/* End PBXGroup section */

/* Begin PBXNativeTarget section */
		DD3C512E201404D0009548D1 /* ClimateLauncher */ = {
			isa = PBXNativeTarget;
			buildConfigurationList = DD3C513E201404D0009548D1 /* Build configuration list for PBXNativeTarget "ClimateLauncher" */;
			buildPhases = (
				DD3C512B201404D0009548D1 /* Sources */,
				DD3C512C201404D0009548D1 /* Frameworks */,
				DD3C512D201404D0009548D1 /* Resources */,
			);
			buildRules = (
			);
			dependencies = (
			);
			name = ClimateLauncher;
			productName = ClimateLauncher;
			productReference = DD3C512F201404D0009548D1 /* ClimateLauncher.app */;
			productType = "com.apple.product-type.application";
		};
		DD9695941FF550DB00F9AAC3 /* ClimateControl */ = {
			isa = PBXNativeTarget;
			buildConfigurationList = DD9695BB1FF550DC00F9AAC3 /* Build configuration list for PBXNativeTarget "ClimateControl" */;
			buildPhases = (
				DD9695911FF550DB00F9AAC3 /* Sources */,
				DD9695921FF550DB00F9AAC3 /* Frameworks */,
				DD9695931FF550DB00F9AAC3 /* Resources */,
				DD3C5142201405E8009548D1 /* CopyFiles */,
			);
			buildRules = (
			);
			dependencies = (
			);
			name = ClimateControl;
			productName = ClimateControl;
			productReference = DD9695951FF550DB00F9AAC3 /* ClimateControl.app */;
			productType = "com.apple.product-type.application";
		};
		DD9695A61FF550DB00F9AAC3 /* ClimateControlTests */ = {
			isa = PBXNativeTarget;
			buildConfigurationList = DD9695BE1FF550DC00F9AAC3 /* Build configuration list for PBXNativeTarget "ClimateControlTests" */;
			buildPhases = (
				DD9695A31FF550DB00F9AAC3 /* Sources */,
				DD9695A41FF550DB00F9AAC3 /* Frameworks */,
				DD9695A51FF550DB00F9AAC3 /* Resources */,
			);
			buildRules = (
			);
			dependencies = (
				DD9695A91FF550DB00F9AAC3 /* PBXTargetDependency */,
			);
			name = ClimateControlTests;
			productName = ClimateControlTests;
			productReference = DD9695A71FF550DB00F9AAC3 /* ClimateControlTests.xctest */;
			productType = "com.apple.product-type.bundle.unit-test";
		};
		DD9695B11FF550DB00F9AAC3 /* ClimateControlUITests */ = {
			isa = PBXNativeTarget;
			buildConfigurationList = DD9695C11FF550DC00F9AAC3 /* Build configuration list for PBXNativeTarget "ClimateControlUITests" */;
			buildPhases = (
				DD9695AE1FF550DB00F9AAC3 /* Sources */,
				DD9695AF1FF550DB00F9AAC3 /* Frameworks */,
				DD9695B01FF550DB00F9AAC3 /* Resources */,
			);
			buildRules = (
			);
			dependencies = (
				DD9695B41FF550DB00F9AAC3 /* PBXTargetDependency */,
			);
			name = ClimateControlUITests;
			productName = ClimateControlUITests;
			productReference = DD9695B21FF550DB00F9AAC3 /* ClimateControlUITests.xctest */;
			productType = "com.apple.product-type.bundle.ui-testing";
		};
/* End PBXNativeTarget section */

/* Begin PBXProject section */
		DD96958D1FF550DB00F9AAC3 /* Project object */ = {
			isa = PBXProject;
			attributes = {
				LastSwiftUpdateCheck = 0920;
				LastUpgradeCheck = 0920;
				ORGANIZATIONNAME = "Ben Perkins";
				TargetAttributes = {
					DD3C512E201404D0009548D1 = {
						CreatedOnToolsVersion = 9.2;
						ProvisioningStyle = Automatic;
					};
					DD9695941FF550DB00F9AAC3 = {
						CreatedOnToolsVersion = 9.2;
						ProvisioningStyle = Automatic;
						SystemCapabilities = {
							com.apple.Sandbox = {
								enabled = 1;
							};
						};
					};
					DD9695A61FF550DB00F9AAC3 = {
						CreatedOnToolsVersion = 9.2;
						ProvisioningStyle = Automatic;
						TestTargetID = DD9695941FF550DB00F9AAC3;
					};
					DD9695B11FF550DB00F9AAC3 = {
						CreatedOnToolsVersion = 9.2;
						ProvisioningStyle = Automatic;
						TestTargetID = DD9695941FF550DB00F9AAC3;
					};
				};
			};
			buildConfigurationList = DD9695901FF550DB00F9AAC3 /* Build configuration list for PBXProject "ClimateControl" */;
			compatibilityVersion = "Xcode 8.0";
			developmentRegion = en;
			hasScannedForEncodings = 0;
			knownRegions = (
				en,
				Base,
			);
			mainGroup = DD96958C1FF550DB00F9AAC3;
			productRefGroup = DD9695961FF550DB00F9AAC3 /* Products */;
			projectDirPath = "";
			projectRoot = "";
			targets = (
				DD9695941FF550DB00F9AAC3 /* ClimateControl */,
				DD9695A61FF550DB00F9AAC3 /* ClimateControlTests */,
				DD9695B11FF550DB00F9AAC3 /* ClimateControlUITests */,
				DD3C512E201404D0009548D1 /* ClimateLauncher */,
			);
		};
/* End PBXProject section */

/* Begin PBXResourcesBuildPhase section */
		DD3C512D201404D0009548D1 /* Resources */ = {
			isa = PBXResourcesBuildPhase;
			buildActionMask = 2147483647;
			files = (
				DD3C5136201404D0009548D1 /* Assets.xcassets in Resources */,
				DD3C5139201404D0009548D1 /* Main.storyboard in Resources */,
			);
			runOnlyForDeploymentPostprocessing = 0;
		};
		DD9695931FF550DB00F9AAC3 /* Resources */ = {
			isa = PBXResourcesBuildPhase;
			buildActionMask = 2147483647;
			files = (
				DD96959D1FF550DB00F9AAC3 /* Assets.xcassets in Resources */,
				DD9695A01FF550DB00F9AAC3 /* Main.storyboard in Resources */,
			);
			runOnlyForDeploymentPostprocessing = 0;
		};
		DD9695A51FF550DB00F9AAC3 /* Resources */ = {
			isa = PBXResourcesBuildPhase;
			buildActionMask = 2147483647;
			files = (
			);
			runOnlyForDeploymentPostprocessing = 0;
		};
		DD9695B01FF550DB00F9AAC3 /* Resources */ = {
			isa = PBXResourcesBuildPhase;
			buildActionMask = 2147483647;
			files = (
			);
			runOnlyForDeploymentPostprocessing = 0;
		};
/* End PBXResourcesBuildPhase section */

/* Begin PBXSourcesBuildPhase section */
		DD3C512B201404D0009548D1 /* Sources */ = {
			isa = PBXSourcesBuildPhase;
			buildActionMask = 2147483647;
			files = (
				DD3C5132201404D0009548D1 /* AppDelegate.swift in Sources */,
			);
			runOnlyForDeploymentPostprocessing = 0;
		};
		DD9695911FF550DB00F9AAC3 /* Sources */ = {
			isa = PBXSourcesBuildPhase;
			buildActionMask = 2147483647;
			files = (
				DD96959B1FF550DB00F9AAC3 /* ViewController.swift in Sources */,
				DD9695991FF550DB00F9AAC3 /* AppDelegate.swift in Sources */,
				DD9695C51FF5706B00F9AAC3 /* ClimateViewController.swift in Sources */,
				DD14F583200F1FB400B4D331 /* EventMonitor.swift in Sources */,
			);
			runOnlyForDeploymentPostprocessing = 0;
		};
		DD9695A31FF550DB00F9AAC3 /* Sources */ = {
			isa = PBXSourcesBuildPhase;
			buildActionMask = 2147483647;
			files = (
				DD9695AC1FF550DB00F9AAC3 /* ClimateControlTests.swift in Sources */,
			);
			runOnlyForDeploymentPostprocessing = 0;
		};
		DD9695AE1FF550DB00F9AAC3 /* Sources */ = {
			isa = PBXSourcesBuildPhase;
			buildActionMask = 2147483647;
			files = (
				DD9695B71FF550DB00F9AAC3 /* ClimateControlUITests.swift in Sources */,
			);
			runOnlyForDeploymentPostprocessing = 0;
		};
/* End PBXSourcesBuildPhase section */

/* Begin PBXTargetDependency section */
		DD9695A91FF550DB00F9AAC3 /* PBXTargetDependency */ = {
			isa = PBXTargetDependency;
			target = DD9695941FF550DB00F9AAC3 /* ClimateControl */;
			targetProxy = DD9695A81FF550DB00F9AAC3 /* PBXContainerItemProxy */;
		};
		DD9695B41FF550DB00F9AAC3 /* PBXTargetDependency */ = {
			isa = PBXTargetDependency;
			target = DD9695941FF550DB00F9AAC3 /* ClimateControl */;
			targetProxy = DD9695B31FF550DB00F9AAC3 /* PBXContainerItemProxy */;
		};
/* End PBXTargetDependency section */

/* Begin PBXVariantGroup section */
		DD3C5137201404D0009548D1 /* Main.storyboard */ = {
			isa = PBXVariantGroup;
			children = (
				DD3C5138201404D0009548D1 /* Base */,
			);
			name = Main.storyboard;
			sourceTree = "<group>";
		};
		DD96959E1FF550DB00F9AAC3 /* Main.storyboard */ = {
			isa = PBXVariantGroup;
			children = (
				DD96959F1FF550DB00F9AAC3 /* Base */,
			);
			name = Main.storyboard;
			sourceTree = "<group>";
		};
/* End PBXVariantGroup section */

/* Begin XCBuildConfiguration section */
		DD3C513C201404D0009548D1 /* Debug */ = {
			isa = XCBuildConfiguration;
			buildSettings = {
				ASSETCATALOG_COMPILER_APPICON_NAME = AppIcon;
				CODE_SIGN_ENTITLEMENTS = ClimateLauncher/ClimateLauncher.entitlements;
				CODE_SIGN_STYLE = Automatic;
				COMBINE_HIDPI_IMAGES = YES;
				INFOPLIST_FILE = ClimateLauncher/Info.plist;
				LD_RUNPATH_SEARCH_PATHS = "$(inherited) @executable_path/../Frameworks";
				PRODUCT_BUNDLE_IDENTIFIER = com.benperkins.ClimateLauncher;
				PRODUCT_NAME = "$(TARGET_NAME)";
				SKIP_INSTALL = YES;
				SWIFT_VERSION = 4.0;
			};
			name = Debug;
		};
		DD3C513D201404D0009548D1 /* Release */ = {
			isa = XCBuildConfiguration;
			buildSettings = {
				ASSETCATALOG_COMPILER_APPICON_NAME = AppIcon;
				CODE_SIGN_ENTITLEMENTS = ClimateLauncher/ClimateLauncher.entitlements;
				CODE_SIGN_STYLE = Automatic;
				COMBINE_HIDPI_IMAGES = YES;
				INFOPLIST_FILE = ClimateLauncher/Info.plist;
				LD_RUNPATH_SEARCH_PATHS = "$(inherited) @executable_path/../Frameworks";
				PRODUCT_BUNDLE_IDENTIFIER = com.benperkins.ClimateLauncher;
				PRODUCT_NAME = "$(TARGET_NAME)";
				SKIP_INSTALL = YES;
				SWIFT_VERSION = 4.0;
			};
			name = Release;
		};
		DD9695B91FF550DC00F9AAC3 /* Debug */ = {
			isa = XCBuildConfiguration;
			buildSettings = {
				ALWAYS_SEARCH_USER_PATHS = NO;
				CLANG_ANALYZER_NONNULL = YES;
				CLANG_ANALYZER_NUMBER_OBJECT_CONVERSION = YES_AGGRESSIVE;
				CLANG_CXX_LANGUAGE_STANDARD = "gnu++14";
				CLANG_CXX_LIBRARY = "libc++";
				CLANG_ENABLE_MODULES = YES;
				CLANG_ENABLE_OBJC_ARC = YES;
				CLANG_WARN_BLOCK_CAPTURE_AUTORELEASING = YES;
				CLANG_WARN_BOOL_CONVERSION = YES;
				CLANG_WARN_COMMA = YES;
				CLANG_WARN_CONSTANT_CONVERSION = YES;
				CLANG_WARN_DIRECT_OBJC_ISA_USAGE = YES_ERROR;
				CLANG_WARN_DOCUMENTATION_COMMENTS = YES;
				CLANG_WARN_EMPTY_BODY = YES;
				CLANG_WARN_ENUM_CONVERSION = YES;
				CLANG_WARN_INFINITE_RECURSION = YES;
				CLANG_WARN_INT_CONVERSION = YES;
				CLANG_WARN_NON_LITERAL_NULL_CONVERSION = YES;
				CLANG_WARN_OBJC_LITERAL_CONVERSION = YES;
				CLANG_WARN_OBJC_ROOT_CLASS = YES_ERROR;
				CLANG_WARN_RANGE_LOOP_ANALYSIS = YES;
				CLANG_WARN_STRICT_PROTOTYPES = YES;
				CLANG_WARN_SUSPICIOUS_MOVE = YES;
				CLANG_WARN_UNGUARDED_AVAILABILITY = YES_AGGRESSIVE;
				CLANG_WARN_UNREACHABLE_CODE = YES;
				CLANG_WARN__DUPLICATE_METHOD_MATCH = YES;
				CODE_SIGN_IDENTITY = "-";
				COPY_PHASE_STRIP = NO;
				DEBUG_INFORMATION_FORMAT = dwarf;
				ENABLE_STRICT_OBJC_MSGSEND = YES;
				ENABLE_TESTABILITY = YES;
				GCC_C_LANGUAGE_STANDARD = gnu11;
				GCC_DYNAMIC_NO_PIC = NO;
				GCC_NO_COMMON_BLOCKS = YES;
				GCC_OPTIMIZATION_LEVEL = 0;
				GCC_PREPROCESSOR_DEFINITIONS = (
					"DEBUG=1",
					"$(inherited)",
				);
				GCC_WARN_64_TO_32_BIT_CONVERSION = YES;
				GCC_WARN_ABOUT_RETURN_TYPE = YES_ERROR;
				GCC_WARN_UNDECLARED_SELECTOR = YES;
				GCC_WARN_UNINITIALIZED_AUTOS = YES_AGGRESSIVE;
				GCC_WARN_UNUSED_FUNCTION = YES;
				GCC_WARN_UNUSED_VARIABLE = YES;
				MACOSX_DEPLOYMENT_TARGET = 10.13;
				MTL_ENABLE_DEBUG_INFO = YES;
				ONLY_ACTIVE_ARCH = YES;
				SDKROOT = macosx;
				SWIFT_ACTIVE_COMPILATION_CONDITIONS = DEBUG;
				SWIFT_OPTIMIZATION_LEVEL = "-Onone";
			};
			name = Debug;
		};
		DD9695BA1FF550DC00F9AAC3 /* Release */ = {
			isa = XCBuildConfiguration;
			buildSettings = {
				ALWAYS_SEARCH_USER_PATHS = NO;
				CLANG_ANALYZER_NONNULL = YES;
				CLANG_ANALYZER_NUMBER_OBJECT_CONVERSION = YES_AGGRESSIVE;
				CLANG_CXX_LANGUAGE_STANDARD = "gnu++14";
				CLANG_CXX_LIBRARY = "libc++";
				CLANG_ENABLE_MODULES = YES;
				CLANG_ENABLE_OBJC_ARC = YES;
				CLANG_WARN_BLOCK_CAPTURE_AUTORELEASING = YES;
				CLANG_WARN_BOOL_CONVERSION = YES;
				CLANG_WARN_COMMA = YES;
				CLANG_WARN_CONSTANT_CONVERSION = YES;
				CLANG_WARN_DIRECT_OBJC_ISA_USAGE = YES_ERROR;
				CLANG_WARN_DOCUMENTATION_COMMENTS = YES;
				CLANG_WARN_EMPTY_BODY = YES;
				CLANG_WARN_ENUM_CONVERSION = YES;
				CLANG_WARN_INFINITE_RECURSION = YES;
				CLANG_WARN_INT_CONVERSION = YES;
				CLANG_WARN_NON_LITERAL_NULL_CONVERSION = YES;
				CLANG_WARN_OBJC_LITERAL_CONVERSION = YES;
				CLANG_WARN_OBJC_ROOT_CLASS = YES_ERROR;
				CLANG_WARN_RANGE_LOOP_ANALYSIS = YES;
				CLANG_WARN_STRICT_PROTOTYPES = YES;
				CLANG_WARN_SUSPICIOUS_MOVE = YES;
				CLANG_WARN_UNGUARDED_AVAILABILITY = YES_AGGRESSIVE;
				CLANG_WARN_UNREACHABLE_CODE = YES;
				CLANG_WARN__DUPLICATE_METHOD_MATCH = YES;
				CODE_SIGN_IDENTITY = "-";
				COPY_PHASE_STRIP = NO;
				DEBUG_INFORMATION_FORMAT = "dwarf-with-dsym";
				ENABLE_NS_ASSERTIONS = NO;
				ENABLE_STRICT_OBJC_MSGSEND = YES;
				GCC_C_LANGUAGE_STANDARD = gnu11;
				GCC_NO_COMMON_BLOCKS = YES;
				GCC_WARN_64_TO_32_BIT_CONVERSION = YES;
				GCC_WARN_ABOUT_RETURN_TYPE = YES_ERROR;
				GCC_WARN_UNDECLARED_SELECTOR = YES;
				GCC_WARN_UNINITIALIZED_AUTOS = YES_AGGRESSIVE;
				GCC_WARN_UNUSED_FUNCTION = YES;
				GCC_WARN_UNUSED_VARIABLE = YES;
				MACOSX_DEPLOYMENT_TARGET = 10.13;
				MTL_ENABLE_DEBUG_INFO = NO;
				SDKROOT = macosx;
				SWIFT_OPTIMIZATION_LEVEL = "-Owholemodule";
			};
			name = Release;
		};
		DD9695BC1FF550DC00F9AAC3 /* Debug */ = {
			isa = XCBuildConfiguration;
			buildSettings = {
				ASSETCATALOG_COMPILER_APPICON_NAME = AppIcon;
				CODE_SIGN_ENTITLEMENTS = ClimateControl/ClimateControl.entitlements;
				CODE_SIGN_STYLE = Automatic;
				COMBINE_HIDPI_IMAGES = YES;
				INFOPLIST_FILE = ClimateControl/Info.plist;
				LD_RUNPATH_SEARCH_PATHS = "$(inherited) @executable_path/../Frameworks";
				PRODUCT_BUNDLE_IDENTIFIER = com.benperkins.ClimateControl;
				PRODUCT_NAME = "$(TARGET_NAME)";
				SWIFT_VERSION = 4.0;
			};
			name = Debug;
		};
		DD9695BD1FF550DC00F9AAC3 /* Release */ = {
			isa = XCBuildConfiguration;
			buildSettings = {
				ASSETCATALOG_COMPILER_APPICON_NAME = AppIcon;
				CODE_SIGN_ENTITLEMENTS = ClimateControl/ClimateControl.entitlements;
				CODE_SIGN_STYLE = Automatic;
				COMBINE_HIDPI_IMAGES = YES;
				INFOPLIST_FILE = ClimateControl/Info.plist;
				LD_RUNPATH_SEARCH_PATHS = "$(inherited) @executable_path/../Frameworks";
				PRODUCT_BUNDLE_IDENTIFIER = com.benperkins.ClimateControl;
				PRODUCT_NAME = "$(TARGET_NAME)";
				SWIFT_VERSION = 4.0;
			};
			name = Release;
		};
		DD9695BF1FF550DC00F9AAC3 /* Debug */ = {
			isa = XCBuildConfiguration;
			buildSettings = {
				ALWAYS_EMBED_SWIFT_STANDARD_LIBRARIES = YES;
				BUNDLE_LOADER = "$(TEST_HOST)";
				CODE_SIGN_STYLE = Automatic;
				COMBINE_HIDPI_IMAGES = YES;
				INFOPLIST_FILE = ClimateControlTests/Info.plist;
				LD_RUNPATH_SEARCH_PATHS = "$(inherited) @executable_path/../Frameworks @loader_path/../Frameworks";
				PRODUCT_BUNDLE_IDENTIFIER = com.benperkins.ClimateControlTests;
				PRODUCT_NAME = "$(TARGET_NAME)";
				SWIFT_VERSION = 4.0;
				TEST_HOST = "$(BUILT_PRODUCTS_DIR)/ClimateControl.app/Contents/MacOS/ClimateControl";
			};
			name = Debug;
		};
		DD9695C01FF550DC00F9AAC3 /* Release */ = {
			isa = XCBuildConfiguration;
			buildSettings = {
				ALWAYS_EMBED_SWIFT_STANDARD_LIBRARIES = YES;
				BUNDLE_LOADER = "$(TEST_HOST)";
				CODE_SIGN_STYLE = Automatic;
				COMBINE_HIDPI_IMAGES = YES;
				INFOPLIST_FILE = ClimateControlTests/Info.plist;
				LD_RUNPATH_SEARCH_PATHS = "$(inherited) @executable_path/../Frameworks @loader_path/../Frameworks";
				PRODUCT_BUNDLE_IDENTIFIER = com.benperkins.ClimateControlTests;
				PRODUCT_NAME = "$(TARGET_NAME)";
				SWIFT_VERSION = 4.0;
				TEST_HOST = "$(BUILT_PRODUCTS_DIR)/ClimateControl.app/Contents/MacOS/ClimateControl";
			};
			name = Release;
		};
		DD9695C21FF550DC00F9AAC3 /* Debug */ = {
			isa = XCBuildConfiguration;
			buildSettings = {
				ALWAYS_EMBED_SWIFT_STANDARD_LIBRARIES = YES;
				CODE_SIGN_STYLE = Automatic;
				COMBINE_HIDPI_IMAGES = YES;
				INFOPLIST_FILE = ClimateControlUITests/Info.plist;
				LD_RUNPATH_SEARCH_PATHS = "$(inherited) @executable_path/../Frameworks @loader_path/../Frameworks";
				PRODUCT_BUNDLE_IDENTIFIER = com.benperkins.ClimateControlUITests;
				PRODUCT_NAME = "$(TARGET_NAME)";
				SWIFT_VERSION = 4.0;
				TEST_TARGET_NAME = ClimateControl;
			};
			name = Debug;
		};
		DD9695C31FF550DC00F9AAC3 /* Release */ = {
			isa = XCBuildConfiguration;
			buildSettings = {
				ALWAYS_EMBED_SWIFT_STANDARD_LIBRARIES = YES;
				CODE_SIGN_STYLE = Automatic;
				COMBINE_HIDPI_IMAGES = YES;
				INFOPLIST_FILE = ClimateControlUITests/Info.plist;
				LD_RUNPATH_SEARCH_PATHS = "$(inherited) @executable_path/../Frameworks @loader_path/../Frameworks";
				PRODUCT_BUNDLE_IDENTIFIER = com.benperkins.ClimateControlUITests;
				PRODUCT_NAME = "$(TARGET_NAME)";
				SWIFT_VERSION = 4.0;
				TEST_TARGET_NAME = ClimateControl;
			};
			name = Release;
		};
/* End XCBuildConfiguration section */

/* Begin XCConfigurationList section */
		DD3C513E201404D0009548D1 /* Build configuration list for PBXNativeTarget "ClimateLauncher" */ = {
			isa = XCConfigurationList;
			buildConfigurations = (
				DD3C513C201404D0009548D1 /* Debug */,
				DD3C513D201404D0009548D1 /* Release */,
			);
			defaultConfigurationIsVisible = 0;
			defaultConfigurationName = Release;
		};
		DD9695901FF550DB00F9AAC3 /* Build configuration list for PBXProject "ClimateControl" */ = {
			isa = XCConfigurationList;
			buildConfigurations = (
				DD9695B91FF550DC00F9AAC3 /* Debug */,
				DD9695BA1FF550DC00F9AAC3 /* Release */,
			);
			defaultConfigurationIsVisible = 0;
			defaultConfigurationName = Release;
		};
		DD9695BB1FF550DC00F9AAC3 /* Build configuration list for PBXNativeTarget "ClimateControl" */ = {
			isa = XCConfigurationList;
			buildConfigurations = (
				DD9695BC1FF550DC00F9AAC3 /* Debug */,
				DD9695BD1FF550DC00F9AAC3 /* Release */,
			);
			defaultConfigurationIsVisible = 0;
			defaultConfigurationName = Release;
		};
		DD9695BE1FF550DC00F9AAC3 /* Build configuration list for PBXNativeTarget "ClimateControlTests" */ = {
			isa = XCConfigurationList;
			buildConfigurations = (
				DD9695BF1FF550DC00F9AAC3 /* Debug */,
				DD9695C01FF550DC00F9AAC3 /* Release */,
			);
			defaultConfigurationIsVisible = 0;
			defaultConfigurationName = Release;
		};
		DD9695C11FF550DC00F9AAC3 /* Build configuration list for PBXNativeTarget "ClimateControlUITests" */ = {
			isa = XCConfigurationList;
			buildConfigurations = (
				DD9695C21FF550DC00F9AAC3 /* Debug */,
				DD9695C31FF550DC00F9AAC3 /* Release */,
			);
			defaultConfigurationIsVisible = 0;
			defaultConfigurationName = Release;
		};
/* End XCConfigurationList section */
	};
	rootObject = DD96958D1FF550DB00F9AAC3 /* Project object */;
}
